
Microsoft Visual Studio Solution File, Format Version 11.00
# Visual Studio 2010
Project("{2150E333-8FDC-42A3-9474-1A3956D46DE8}") = "WCFServices", "WCFServices", "{4595B657-DC7D-4B40-BAB1-A7F96F6DF0A4}"
EndProject
Project("{2150E333-8FDC-42A3-9474-1A3956D46DE8}") = "Tests", "Tests", "{5A99A2CA-A879-4398-8523-5ABFC00F7606}"
EndProject
Project("{2150E333-8FDC-42A3-9474-1A3956D46DE8}") = "UI", "UI", "{12744675-7C11-4407-8E80-93C616FFC4EC}"
EndProject
Project("{2150E333-8FDC-42A3-9474-1A3956D46DE8}") = "Domain", "Domain", "{07418AC2-2896-41DA-AE1E-B25046B2D50E}"
EndProject
Project("{2150E333-8FDC-42A3-9474-1A3956D46DE8}") = "AppService", "AppService", "{FFFD316E-6C76-4B1A-8410-AFF3A6E0FC4E}"
EndProject
Project("{2150E333-8FDC-42A3-9474-1A3956D46DE8}") = "ReceiveServices", "ReceiveServices", "{6873576A-0DD2-4391-A655-E752C94FE661}"
EndProject
Project("{2150E333-8FDC-42A3-9474-1A3956D46DE8}") = "SendServices", "SendServices", "{59F542F7-2686-4A0B-827C-AFA02A9CC534}"
EndProject
Project("{2150E333-8FDC-42A3-9474-1A3956D46DE8}") = "Domain", "Domain", "{665BB596-1F88-4DD4-9B5C-7D50DF8C5367}"
EndProject
Project("{2150E333-8FDC-42A3-9474-1A3956D46DE8}") = "InvokeService", "InvokeService", "{008EAFA4-D1DA-4E4F-9D29-CD2FDF718C21}"
EndProject
Project("{2150E333-8FDC-42A3-9474-1A3956D46DE8}") = "WieldService", "WieldService", "{9D518D76-FB82-4308-ADA8-19F6B822DB89}"
EndProject
Project("{2150E333-8FDC-42A3-9474-1A3956D46DE8}") = "DomainTests", "DomainTests", "{B1266EF1-9917-451C-83E9-E3DCE11191A6}"
EndProject
Project("{2150E333-8FDC-42A3-9474-1A3956D46DE8}") = "AppServiceTests", "AppServiceTests", "{65E0AEA2-E440-4CD1-8A0D-691E4FA41F5D}"
EndProject
Project("{2150E333-8FDC-42A3-9474-1A3956D46DE8}") = "FrameWork", "FrameWork", "{17FEF3A1-5668-4BEC-A2D6-92CA537064F6}"
EndProject
Project("{2150E333-8FDC-42A3-9474-1A3956D46DE8}") = "AppServiceImpl", "AppServiceImpl", "{1C0474FD-3133-4932-9226-B194BF1C17D2}"
EndProject
Project("{2150E333-8FDC-42A3-9474-1A3956D46DE8}") = "AppService", "AppService", "{CF94B3C0-88CF-4665-9F5E-29DE7768F7B2}"
EndProject
Project("{2150E333-8FDC-42A3-9474-1A3956D46DE8}") = "Utility", "Utility", "{A1B06878-EEBB-4DCB-BBBF-03CCCF6E75F4}"
EndProject
Project("{FAE04EC0-301F-11D3-BF4B-00C04F79EFBC}") = "Repository", "Repository\Repository.csproj", "{3B37D0D2-FA28-439F-8A22-E5BC08A70997}"
EndProject
Project("{2150E333-8FDC-42A3-9474-1A3956D46DE8}") = "InternalFrameWork", "InternalFrameWork", "{DD51B88C-F954-439F-B808-A192064848AB}"
EndProject
Project("{2150E333-8FDC-42A3-9474-1A3956D46DE8}") = "ExternalFrameWork", "ExternalFrameWork", "{88E00335-4538-46C3-8A12-74F5F8534AE8}"
EndProject
Project("{FAE04EC0-301F-11D3-BF4B-00C04F79EFBC}") = "Domain.Repository", "Domain.Repository\Domain.Repository.csproj", "{588102D7-3AC8-401F-8C52-CDE8971C2266}"
EndProject
Project("{2150E333-8FDC-42A3-9474-1A3956D46DE8}") = "Repository", "Repository", "{D4B59531-4622-4D99-AFC8-1579A22A31AD}"
EndProject
Project("{FAE04EC0-301F-11D3-BF4B-00C04F79EFBC}") = "Domain.Utility", "Domain.Utility\Domain.Utility.csproj", "{00450607-BD90-4D1F-9A44-5ADEBAE5CE56}"
EndProject
Project("{2150E333-8FDC-42A3-9474-1A3956D46DE8}") = "Domain.Repository", "Domain.Repository", "{13EB8783-0AF5-4121-8B54-B015F4E21AC7}"
EndProject
Project("{FAE04EC0-301F-11D3-BF4B-00C04F79EFBC}") = "Domain.ServiceBase", "Domain.ServiceBase\Domain.ServiceBase.csproj", "{C92F3539-F09B-444C-B6A0-39742C708FCC}"
EndProject
Project("{FAE04EC0-301F-11D3-BF4B-00C04F79EFBC}") = "Domain.MPartService", "Domain.MPartService\Domain.MPartService.csproj", "{273E4DC3-2764-490E-B26A-027C1CF35462}"
EndProject
Project("{2150E333-8FDC-42A3-9474-1A3956D46DE8}") = "RespositoryTests", "RespositoryTests", "{8CFC44BB-804F-4CE6-8497-5DB99D9BAC1A}"
EndProject
Project("{2150E333-8FDC-42A3-9474-1A3956D46DE8}") = "Solution Items", "Solution Items", "{82CC9769-AE70-495F-B81A-F9C413B5A184}"
	ProjectSection(SolutionItems) = preProject
		FrameWork.vsmdi = FrameWork.vsmdi
		Local.testsettings = Local.testsettings
		TraceAndTestImpact.testsettings = TraceAndTestImpact.testsettings
	EndProjectSection
EndProject
Project("{FAE04EC0-301F-11D3-BF4B-00C04F79EFBC}") = "Repository.Test", "Repository.Test\Repository.Test.csproj", "{4CF2E375-E7C9-461C-835C-D3CDD28C71FA}"
EndProject
Project("{FAE04EC0-301F-11D3-BF4B-00C04F79EFBC}") = "AppService.MPart", "AppServiceInterface.MPart\AppService.MPart.csproj", "{88E2751A-4075-4220-BFF7-978376A97E27}"
EndProject
Project("{FAE04EC0-301F-11D3-BF4B-00C04F79EFBC}") = "AppService.Base", "AppService.Base\AppService.Base.csproj", "{75EC322A-7632-4F63-B1D9-020C6A009949}"
EndProject
Project("{FAE04EC0-301F-11D3-BF4B-00C04F79EFBC}") = "AppServiceImpl.MPart", "AppServiceImpl.MPart\AppServiceImpl.MPart.csproj", "{5CC7E446-6B55-455F-A47E-6C051712823E}"
EndProject
Project("{2150E333-8FDC-42A3-9474-1A3956D46DE8}") = "SeachTests", "SeachTests", "{BBA02093-8C85-440E-B50A-91B6F4235510}"
EndProject
Project("{FAE04EC0-301F-11D3-BF4B-00C04F79EFBC}") = "MPart.Search.Test", "MPart.Search.Test\MPart.Search.Test.csproj", "{F8CC0EED-424B-4964-BAE9-5B8452B89BDD}"
EndProject
Project("{FAE04EC0-301F-11D3-BF4B-00C04F79EFBC}") = "FrameWork.Application", "FrameWork.Application\FrameWork.Application.csproj", "{5EEDB888-3F64-463A-B631-674126FE60EC}"
EndProject
Project("{FAE04EC0-301F-11D3-BF4B-00C04F79EFBC}") = "WcfService", "WcfService\WcfService.csproj", "{4E076E3B-0764-4D26-BA8C-AD6CA6478860}"
EndProject
Project("{FAE04EC0-301F-11D3-BF4B-00C04F79EFBC}") = "SilverlightWeb", "SilverlightWeb\SilverlightWeb.csproj", "{BB6D29F8-F790-4E87-9A9F-EC6FC6AD32EF}"
EndProject
Project("{FAE04EC0-301F-11D3-BF4B-00C04F79EFBC}") = "SilverlightApplication", "SilverlightApplication\SilverlightApplication.csproj", "{49140FDB-C159-4753-8E5B-AA7D0308F7BC}"
	ProjectSection(ProjectDependencies) = postProject
		{4E076E3B-0764-4D26-BA8C-AD6CA6478860} = {4E076E3B-0764-4D26-BA8C-AD6CA6478860}
	EndProjectSection
EndProject
Project("{FAE04EC0-301F-11D3-BF4B-00C04F79EFBC}") = "ConsoleTest", "ConsoleTest\ConsoleTest.csproj", "{D6D887D5-CF41-433C-B071-1B5E43A0C3FF}"
EndProject
Global
	GlobalSection(TestCaseManagementSettings) = postSolution
		CategoryFile = FrameWork.vsmdi
	EndGlobalSection
	GlobalSection(SolutionConfigurationPlatforms) = preSolution
		Debug|Any CPU = Debug|Any CPU
		Debug|Mixed Platforms = Debug|Mixed Platforms
		Debug|x86 = Debug|x86
		Release|Any CPU = Release|Any CPU
		Release|Mixed Platforms = Release|Mixed Platforms
		Release|x86 = Release|x86
	EndGlobalSection
	GlobalSection(ProjectConfigurationPlatforms) = postSolution
		{3B37D0D2-FA28-439F-8A22-E5BC08A70997}.Debug|Any CPU.ActiveCfg = Debug|Any CPU
		{3B37D0D2-FA28-439F-8A22-E5BC08A70997}.Debug|Any CPU.Build.0 = Debug|Any CPU
		{3B37D0D2-FA28-439F-8A22-E5BC08A70997}.Debug|Mixed Platforms.ActiveCfg = Debug|Any CPU
		{3B37D0D2-FA28-439F-8A22-E5BC08A70997}.Debug|Mixed Platforms.Build.0 = Debug|Any CPU
		{3B37D0D2-FA28-439F-8A22-E5BC08A70997}.Debug|x86.ActiveCfg = Debug|Any CPU
		{3B37D0D2-FA28-439F-8A22-E5BC08A70997}.Release|Any CPU.ActiveCfg = Release|Any CPU
		{3B37D0D2-FA28-439F-8A22-E5BC08A70997}.Release|Any CPU.Build.0 = Release|Any CPU
		{3B37D0D2-FA28-439F-8A22-E5BC08A70997}.Release|Mixed Platforms.ActiveCfg = Release|Any CPU
		{3B37D0D2-FA28-439F-8A22-E5BC08A70997}.Release|Mixed Platforms.Build.0 = Release|Any CPU
		{3B37D0D2-FA28-439F-8A22-E5BC08A70997}.Release|x86.ActiveCfg = Release|Any CPU
		{588102D7-3AC8-401F-8C52-CDE8971C2266}.Debug|Any CPU.ActiveCfg = Debug|Any CPU
		{588102D7-3AC8-401F-8C52-CDE8971C2266}.Debug|Any CPU.Build.0 = Debug|Any CPU
		{588102D7-3AC8-401F-8C52-CDE8971C2266}.Debug|Mixed Platforms.ActiveCfg = Debug|Any CPU
		{588102D7-3AC8-401F-8C52-CDE8971C2266}.Debug|Mixed Platforms.Build.0 = Debug|Any CPU
		{588102D7-3AC8-401F-8C52-CDE8971C2266}.Debug|x86.ActiveCfg = Debug|Any CPU
		{588102D7-3AC8-401F-8C52-CDE8971C2266}.Release|Any CPU.ActiveCfg = Release|Any CPU
		{588102D7-3AC8-401F-8C52-CDE8971C2266}.Release|Any CPU.Build.0 = Release|Any CPU
		{588102D7-3AC8-401F-8C52-CDE8971C2266}.Release|Mixed Platforms.ActiveCfg = Release|Any CPU
		{588102D7-3AC8-401F-8C52-CDE8971C2266}.Release|Mixed Platforms.Build.0 = Release|Any CPU
		{588102D7-3AC8-401F-8C52-CDE8971C2266}.Release|x86.ActiveCfg = Release|Any CPU
		{00450607-BD90-4D1F-9A44-5ADEBAE5CE56}.Debug|Any CPU.ActiveCfg = Debug|Any CPU
		{00450607-BD90-4D1F-9A44-5ADEBAE5CE56}.Debug|Any CPU.Build.0 = Debug|Any CPU
		{00450607-BD90-4D1F-9A44-5ADEBAE5CE56}.Debug|Mixed Platforms.ActiveCfg = Debug|Any CPU
		{00450607-BD90-4D1F-9A44-5ADEBAE5CE56}.Debug|Mixed Platforms.Build.0 = Debug|Any CPU
		{00450607-BD90-4D1F-9A44-5ADEBAE5CE56}.Debug|x86.ActiveCfg = Debug|Any CPU
		{00450607-BD90-4D1F-9A44-5ADEBAE5CE56}.Release|Any CPU.ActiveCfg = Release|Any CPU
		{00450607-BD90-4D1F-9A44-5ADEBAE5CE56}.Release|Any CPU.Build.0 = Release|Any CPU
		{00450607-BD90-4D1F-9A44-5ADEBAE5CE56}.Release|Mixed Platforms.ActiveCfg = Release|Any CPU
		{00450607-BD90-4D1F-9A44-5ADEBAE5CE56}.Release|Mixed Platforms.Build.0 = Release|Any CPU
		{00450607-BD90-4D1F-9A44-5ADEBAE5CE56}.Release|x86.ActiveCfg = Release|Any CPU
		{C92F3539-F09B-444C-B6A0-39742C708FCC}.Debug|Any CPU.ActiveCfg = Debug|Any CPU
		{C92F3539-F09B-444C-B6A0-39742C708FCC}.Debug|Any CPU.Build.0 = Debug|Any CPU
		{C92F3539-F09B-444C-B6A0-39742C708FCC}.Debug|Mixed Platforms.ActiveCfg = Debug|Any CPU
		{C92F3539-F09B-444C-B6A0-39742C708FCC}.Debug|Mixed Platforms.Build.0 = Debug|Any CPU
		{C92F3539-F09B-444C-B6A0-39742C708FCC}.Debug|x86.ActiveCfg = Debug|Any CPU
		{C92F3539-F09B-444C-B6A0-39742C708FCC}.Release|Any CPU.ActiveCfg = Release|Any CPU
		{C92F3539-F09B-444C-B6A0-39742C708FCC}.Release|Any CPU.Build.0 = Release|Any CPU
		{C92F3539-F09B-444C-B6A0-39742C708FCC}.Release|Mixed Platforms.ActiveCfg = Release|Any CPU
		{C92F3539-F09B-444C-B6A0-39742C708FCC}.Release|Mixed Platforms.Build.0 = Release|Any CPU
		{C92F3539-F09B-444C-B6A0-39742C708FCC}.Release|x86.ActiveCfg = Release|Any CPU
		{273E4DC3-2764-490E-B26A-027C1CF35462}.Debug|Any CPU.ActiveCfg = Debug|Any CPU
		{273E4DC3-2764-490E-B26A-027C1CF35462}.Debug|Any CPU.Build.0 = Debug|Any CPU
		{273E4DC3-2764-490E-B26A-027C1CF35462}.Debug|Mixed Platforms.ActiveCfg = Debug|Any CPU
		{273E4DC3-2764-490E-B26A-027C1CF35462}.Debug|Mixed Platforms.Build.0 = Debug|Any CPU
		{273E4DC3-2764-490E-B26A-027C1CF35462}.Debug|x86.ActiveCfg = Debug|Any CPU
		{273E4DC3-2764-490E-B26A-027C1CF35462}.Release|Any CPU.ActiveCfg = Release|Any CPU
		{273E4DC3-2764-490E-B26A-027C1CF35462}.Release|Any CPU.Build.0 = Release|Any CPU
		{273E4DC3-2764-490E-B26A-027C1CF35462}.Release|Mixed Platforms.ActiveCfg = Release|Any CPU
		{273E4DC3-2764-490E-B26A-027C1CF35462}.Release|Mixed Platforms.Build.0 = Release|Any CPU
		{273E4DC3-2764-490E-B26A-027C1CF35462}.Release|x86.ActiveCfg = Release|Any CPU
		{4CF2E375-E7C9-461C-835C-D3CDD28C71FA}.Debug|Any CPU.ActiveCfg = Debug|Any CPU
		{4CF2E375-E7C9-461C-835C-D3CDD28C71FA}.Debug|Any CPU.Build.0 = Debug|Any CPU
		{4CF2E375-E7C9-461C-835C-D3CDD28C71FA}.Debug|Mixed Platforms.ActiveCfg = Debug|Any CPU
		{4CF2E375-E7C9-461C-835C-D3CDD28C71FA}.Debug|Mixed Platforms.Build.0 = Debug|Any CPU
		{4CF2E375-E7C9-461C-835C-D3CDD28C71FA}.Debug|x86.ActiveCfg = Debug|Any CPU
		{4CF2E375-E7C9-461C-835C-D3CDD28C71FA}.Release|Any CPU.ActiveCfg = Release|Any CPU
		{4CF2E375-E7C9-461C-835C-D3CDD28C71FA}.Release|Any CPU.Build.0 = Release|Any CPU
		{4CF2E375-E7C9-461C-835C-D3CDD28C71FA}.Release|Mixed Platforms.ActiveCfg = Release|Any CPU
		{4CF2E375-E7C9-461C-835C-D3CDD28C71FA}.Release|Mixed Platforms.Build.0 = Release|Any CPU
		{4CF2E375-E7C9-461C-835C-D3CDD28C71FA}.Release|x86.ActiveCfg = Release|Any CPU
		{88E2751A-4075-4220-BFF7-978376A97E27}.Debug|Any CPU.ActiveCfg = Debug|Any CPU
		{88E2751A-4075-4220-BFF7-978376A97E27}.Debug|Any CPU.Build.0 = Debug|Any CPU
		{88E2751A-4075-4220-BFF7-978376A97E27}.Debug|Mixed Platforms.ActiveCfg = Debug|Any CPU
		{88E2751A-4075-4220-BFF7-978376A97E27}.Debug|Mixed Platforms.Build.0 = Debug|Any CPU
		{88E2751A-4075-4220-BFF7-978376A97E27}.Debug|x86.ActiveCfg = Debug|Any CPU
		{88E2751A-4075-4220-BFF7-978376A97E27}.Release|Any CPU.ActiveCfg = Release|Any CPU
		{88E2751A-4075-4220-BFF7-978376A97E27}.Release|Any CPU.Build.0 = Release|Any CPU
		{88E2751A-4075-4220-BFF7-978376A97E27}.Release|Mixed Platforms.ActiveCfg = Release|Any CPU
		{88E2751A-4075-4220-BFF7-978376A97E27}.Release|Mixed Platforms.Build.0 = Release|Any CPU
		{88E2751A-4075-4220-BFF7-978376A97E27}.Release|x86.ActiveCfg = Release|Any CPU
		{75EC322A-7632-4F63-B1D9-020C6A009949}.Debug|Any CPU.ActiveCfg = Debug|Any CPU
		{75EC322A-7632-4F63-B1D9-020C6A009949}.Debug|Any CPU.Build.0 = Debug|Any CPU
		{75EC322A-7632-4F63-B1D9-020C6A009949}.Debug|Mixed Platforms.ActiveCfg = Debug|Any CPU
		{75EC322A-7632-4F63-B1D9-020C6A009949}.Debug|Mixed Platforms.Build.0 = Debug|Any CPU
		{75EC322A-7632-4F63-B1D9-020C6A009949}.Debug|x86.ActiveCfg = Debug|Any CPU
		{75EC322A-7632-4F63-B1D9-020C6A009949}.Release|Any CPU.ActiveCfg = Release|Any CPU
		{75EC322A-7632-4F63-B1D9-020C6A009949}.Release|Any CPU.Build.0 = Release|Any CPU
		{75EC322A-7632-4F63-B1D9-020C6A009949}.Release|Mixed Platforms.ActiveCfg = Release|Any CPU
		{75EC322A-7632-4F63-B1D9-020C6A009949}.Release|Mixed Platforms.Build.0 = Release|Any CPU
		{75EC322A-7632-4F63-B1D9-020C6A009949}.Release|x86.ActiveCfg = Release|Any CPU
		{5CC7E446-6B55-455F-A47E-6C051712823E}.Debug|Any CPU.ActiveCfg = Debug|Any CPU
		{5CC7E446-6B55-455F-A47E-6C051712823E}.Debug|Any CPU.Build.0 = Debug|Any CPU
		{5CC7E446-6B55-455F-A47E-6C051712823E}.Debug|Mixed Platforms.ActiveCfg = Debug|Any CPU
		{5CC7E446-6B55-455F-A47E-6C051712823E}.Debug|Mixed Platforms.Build.0 = Debug|Any CPU
		{5CC7E446-6B55-455F-A47E-6C051712823E}.Debug|x86.ActiveCfg = Debug|Any CPU
		{5CC7E446-6B55-455F-A47E-6C051712823E}.Release|Any CPU.ActiveCfg = Release|Any CPU
		{5CC7E446-6B55-455F-A47E-6C051712823E}.Release|Any CPU.Build.0 = Release|Any CPU
		{5CC7E446-6B55-455F-A47E-6C051712823E}.Release|Mixed Platforms.ActiveCfg = Release|Any CPU
		{5CC7E446-6B55-455F-A47E-6C051712823E}.Release|Mixed Platforms.Build.0 = Release|Any CPU
		{5CC7E446-6B55-455F-A47E-6C051712823E}.Release|x86.ActiveCfg = Release|Any CPU
		{F8CC0EED-424B-4964-BAE9-5B8452B89BDD}.Debug|Any CPU.ActiveCfg = Debug|Any CPU
		{F8CC0EED-424B-4964-BAE9-5B8452B89BDD}.Debug|Any CPU.Build.0 = Debug|Any CPU
		{F8CC0EED-424B-4964-BAE9-5B8452B89BDD}.Debug|Mixed Platforms.ActiveCfg = Debug|Any CPU
		{F8CC0EED-424B-4964-BAE9-5B8452B89BDD}.Debug|Mixed Platforms.Build.0 = Debug|Any CPU
		{F8CC0EED-424B-4964-BAE9-5B8452B89BDD}.Debug|x86.ActiveCfg = Debug|Any CPU
		{F8CC0EED-424B-4964-BAE9-5B8452B89BDD}.Release|Any CPU.ActiveCfg = Release|Any CPU
		{F8CC0EED-424B-4964-BAE9-5B8452B89BDD}.Release|Any CPU.Build.0 = Release|Any CPU
		{F8CC0EED-424B-4964-BAE9-5B8452B89BDD}.Release|Mixed Platforms.ActiveCfg = Release|Any CPU
		{F8CC0EED-424B-4964-BAE9-5B8452B89BDD}.Release|Mixed Platforms.Build.0 = Release|Any CPU
		{F8CC0EED-424B-4964-BAE9-5B8452B89BDD}.Release|x86.ActiveCfg = Release|Any CPU
		{5EEDB888-3F64-463A-B631-674126FE60EC}.Debug|Any CPU.ActiveCfg = Debug|Any CPU
		{5EEDB888-3F64-463A-B631-674126FE60EC}.Debug|Any CPU.Build.0 = Debug|Any CPU
		{5EEDB888-3F64-463A-B631-674126FE60EC}.Debug|Mixed Platforms.ActiveCfg = Debug|Any CPU
		{5EEDB888-3F64-463A-B631-674126FE60EC}.Debug|Mixed Platforms.Build.0 = Debug|Any CPU
		{5EEDB888-3F64-463A-B631-674126FE60EC}.Debug|x86.ActiveCfg = Debug|Any CPU
		{5EEDB888-3F64-463A-B631-674126FE60EC}.Release|Any CPU.ActiveCfg = Release|Any CPU
		{5EEDB888-3F64-463A-B631-674126FE60EC}.Release|Any CPU.Build.0 = Release|Any CPU
		{5EEDB888-3F64-463A-B631-674126FE60EC}.Release|Mixed Platforms.ActiveCfg = Release|Any CPU
		{5EEDB888-3F64-463A-B631-674126FE60EC}.Release|Mixed Platforms.Build.0 = Release|Any CPU
		{5EEDB888-3F64-463A-B631-674126FE60EC}.Release|x86.ActiveCfg = Release|Any CPU
		{4E076E3B-0764-4D26-BA8C-AD6CA6478860}.Debug|Any CPU.ActiveCfg = Debug|Any CPU
		{4E076E3B-0764-4D26-BA8C-AD6CA6478860}.Debug|Any CPU.Build.0 = Debug|Any CPU
		{4E076E3B-0764-4D26-BA8C-AD6CA6478860}.Debug|Mixed Platforms.ActiveCfg = Debug|Any CPU
		{4E076E3B-0764-4D26-BA8C-AD6CA6478860}.Debug|Mixed Platforms.Build.0 = Debug|Any CPU
		{4E076E3B-0764-4D26-BA8C-AD6CA6478860}.Debug|x86.ActiveCfg = Debug|Any CPU
		{4E076E3B-0764-4D26-BA8C-AD6CA6478860}.Release|Any CPU.ActiveCfg = Release|Any CPU
		{4E076E3B-0764-4D26-BA8C-AD6CA6478860}.Release|Any CPU.Build.0 = Release|Any CPU
		{4E076E3B-0764-4D26-BA8C-AD6CA6478860}.Release|Mixed Platforms.ActiveCfg = Release|Any CPU
		{4E076E3B-0764-4D26-BA8C-AD6CA6478860}.Release|Mixed Platforms.Build.0 = Release|Any CPU
		{4E076E3B-0764-4D26-BA8C-AD6CA6478860}.Release|x86.ActiveCfg = Release|Any CPU
		{BB6D29F8-F790-4E87-9A9F-EC6FC6AD32EF}.Debug|Any CPU.ActiveCfg = Debug|Any CPU
		{BB6D29F8-F790-4E87-9A9F-EC6FC6AD32EF}.Debug|Any CPU.Build.0 = Debug|Any CPU
		{BB6D29F8-F790-4E87-9A9F-EC6FC6AD32EF}.Debug|Mixed Platforms.ActiveCfg = Debug|Any CPU
		{BB6D29F8-F790-4E87-9A9F-EC6FC6AD32EF}.Debug|Mixed Platforms.Build.0 = Debug|Any CPU
		{BB6D29F8-F790-4E87-9A9F-EC6FC6AD32EF}.Debug|x86.ActiveCfg = Debug|Any CPU
		{BB6D29F8-F790-4E87-9A9F-EC6FC6AD32EF}.Release|Any CPU.ActiveCfg = Release|Any CPU
		{BB6D29F8-F790-4E87-9A9F-EC6FC6AD32EF}.Release|Any CPU.Build.0 = Release|Any CPU
		{BB6D29F8-F790-4E87-9A9F-EC6FC6AD32EF}.Release|Mixed Platforms.ActiveCfg = Release|Any CPU
		{BB6D29F8-F790-4E87-9A9F-EC6FC6AD32EF}.Release|Mixed Platforms.Build.0 = Release|Any CPU
		{BB6D29F8-F790-4E87-9A9F-EC6FC6AD32EF}.Release|x86.ActiveCfg = Release|Any CPU
		{49140FDB-C159-4753-8E5B-AA7D0308F7BC}.Debug|Any CPU.ActiveCfg = Debug|Any CPU
		{49140FDB-C159-4753-8E5B-AA7D0308F7BC}.Debug|Any CPU.Build.0 = Debug|Any CPU
		{49140FDB-C159-4753-8E5B-AA7D0308F7BC}.Debug|Mixed Platforms.ActiveCfg = Debug|Any CPU
		{49140FDB-C159-4753-8E5B-AA7D0308F7BC}.Debug|Mixed Platforms.Build.0 = Debug|Any CPU
		{49140FDB-C159-4753-8E5B-AA7D0308F7BC}.Debug|x86.ActiveCfg = Debug|Any CPU
		{49140FDB-C159-4753-8E5B-AA7D0308F7BC}.Release|Any CPU.ActiveCfg = Release|Any CPU
		{49140FDB-C159-4753-8E5B-AA7D0308F7BC}.Release|Any CPU.Build.0 = Release|Any CPU
		{49140FDB-C159-4753-8E5B-AA7D0308F7BC}.Release|Mixed Platforms.ActiveCfg = Release|Any CPU
		{49140FDB-C159-4753-8E5B-AA7D0308F7BC}.Release|Mixed Platforms.Build.0 = Release|Any CPU
		{49140FDB-C159-4753-8E5B-AA7D0308F7BC}.Release|x86.ActiveCfg = Release|Any CPU
		{D6D887D5-CF41-433C-B071-1B5E43A0C3FF}.Debug|Any CPU.ActiveCfg = Debug|x86
		{D6D887D5-CF41-433C-B071-1B5E43A0C3FF}.Debug|Mixed Platforms.ActiveCfg = Debug|x86
		{D6D887D5-CF41-433C-B071-1B5E43A0C3FF}.Debug|Mixed Platforms.Build.0 = Debug|x86
		{D6D887D5-CF41-433C-B071-1B5E43A0C3FF}.Debug|x86.ActiveCfg = Debug|x86
		{D6D887D5-CF41-433C-B071-1B5E43A0C3FF}.Debug|x86.Build.0 = Debug|x86
		{D6D887D5-CF41-433C-B071-1B5E43A0C3FF}.Release|Any CPU.ActiveCfg = Release|x86
		{D6D887D5-CF41-433C-B071-1B5E43A0C3FF}.Release|Mixed Platforms.ActiveCfg = Release|x86
		{D6D887D5-CF41-433C-B071-1B5E43A0C3FF}.Release|Mixed Platforms.Build.0 = Release|x86
		{D6D887D5-CF41-433C-B071-1B5E43A0C3FF}.Release|x86.ActiveCfg = Release|x86
		{D6D887D5-CF41-433C-B071-1B5E43A0C3FF}.Release|x86.Build.0 = Release|x86
	EndGlobalSection
	GlobalSection(SolutionProperties) = preSolution
		HideSolutionNode = FALSE
	EndGlobalSection
	GlobalSection(NestedProjects) = preSolution
		{4E076E3B-0764-4D26-BA8C-AD6CA6478860} = {4595B657-DC7D-4B40-BAB1-A7F96F6DF0A4}
		{B1266EF1-9917-451C-83E9-E3DCE11191A6} = {5A99A2CA-A879-4398-8523-5ABFC00F7606}
		{65E0AEA2-E440-4CD1-8A0D-691E4FA41F5D} = {5A99A2CA-A879-4398-8523-5ABFC00F7606}
		{8CFC44BB-804F-4CE6-8497-5DB99D9BAC1A} = {5A99A2CA-A879-4398-8523-5ABFC00F7606}
		{BB6D29F8-F790-4E87-9A9F-EC6FC6AD32EF} = {12744675-7C11-4407-8E80-93C616FFC4EC}
		{49140FDB-C159-4753-8E5B-AA7D0308F7BC} = {12744675-7C11-4407-8E80-93C616FFC4EC}
		{665BB596-1F88-4DD4-9B5C-7D50DF8C5367} = {07418AC2-2896-41DA-AE1E-B25046B2D50E}
		{A1B06878-EEBB-4DCB-BBBF-03CCCF6E75F4} = {07418AC2-2896-41DA-AE1E-B25046B2D50E}
		{13EB8783-0AF5-4121-8B54-B015F4E21AC7} = {07418AC2-2896-41DA-AE1E-B25046B2D50E}
		{1C0474FD-3133-4932-9226-B194BF1C17D2} = {FFFD316E-6C76-4B1A-8410-AFF3A6E0FC4E}
		{CF94B3C0-88CF-4665-9F5E-29DE7768F7B2} = {FFFD316E-6C76-4B1A-8410-AFF3A6E0FC4E}
		{75EC322A-7632-4F63-B1D9-020C6A009949} = {FFFD316E-6C76-4B1A-8410-AFF3A6E0FC4E}
		{59F542F7-2686-4A0B-827C-AFA02A9CC534} = {008EAFA4-D1DA-4E4F-9D29-CD2FDF718C21}
		{6873576A-0DD2-4391-A655-E752C94FE661} = {008EAFA4-D1DA-4E4F-9D29-CD2FDF718C21}
		{9D518D76-FB82-4308-ADA8-19F6B822DB89} = {008EAFA4-D1DA-4E4F-9D29-CD2FDF718C21}
		{C92F3539-F09B-444C-B6A0-39742C708FCC} = {665BB596-1F88-4DD4-9B5C-7D50DF8C5367}
		{273E4DC3-2764-490E-B26A-027C1CF35462} = {665BB596-1F88-4DD4-9B5C-7D50DF8C5367}
		{BBA02093-8C85-440E-B50A-91B6F4235510} = {65E0AEA2-E440-4CD1-8A0D-691E4FA41F5D}
		{DD51B88C-F954-439F-B808-A192064848AB} = {17FEF3A1-5668-4BEC-A2D6-92CA537064F6}
		{88E00335-4538-46C3-8A12-74F5F8534AE8} = {17FEF3A1-5668-4BEC-A2D6-92CA537064F6}
		{5CC7E446-6B55-455F-A47E-6C051712823E} = {1C0474FD-3133-4932-9226-B194BF1C17D2}
		{88E2751A-4075-4220-BFF7-978376A97E27} = {CF94B3C0-88CF-4665-9F5E-29DE7768F7B2}
		{00450607-BD90-4D1F-9A44-5ADEBAE5CE56} = {A1B06878-EEBB-4DCB-BBBF-03CCCF6E75F4}
		{3B37D0D2-FA28-439F-8A22-E5BC08A70997} = {D4B59531-4622-4D99-AFC8-1579A22A31AD}
		{5EEDB888-3F64-463A-B631-674126FE60EC} = {DD51B88C-F954-439F-B808-A192064848AB}
		{588102D7-3AC8-401F-8C52-CDE8971C2266} = {13EB8783-0AF5-4121-8B54-B015F4E21AC7}
		{82CC9769-AE70-495F-B81A-F9C413B5A184} = {8CFC44BB-804F-4CE6-8497-5DB99D9BAC1A}
		{4CF2E375-E7C9-461C-835C-D3CDD28C71FA} = {8CFC44BB-804F-4CE6-8497-5DB99D9BAC1A}
		{F8CC0EED-424B-4964-BAE9-5B8452B89BDD} = {BBA02093-8C85-440E-B50A-91B6F4235510}
	EndGlobalSection
EndGlobal
